
Microsoft Visual Studio Solution File, Format Version 12.00
# Visual Studio 15
Project("{FAE04EC0-301F-11D3-BF4B-00C04F79EFBC}") = "PhotonUnityNetworking.Demos", "PhotonUnityNetworking.Demos.csproj", "{162C63FD-B2A6-A9C7-0E0F-9D66393A7ED9}"
EndProject
Project("{FAE04EC0-301F-11D3-BF4B-00C04F79EFBC}") = "Assembly-CSharp", "Assembly-CSharp.csproj", "{C4362C97-F6DA-00F8-4E8B-B216BBA7A555}"
EndProject
Project("{FAE04EC0-301F-11D3-BF4B-00C04F79EFBC}") = "PhotonUnityNetworking.Utilities", "PhotonUnityNetworking.Utilities.csproj", "{0E298398-52AA-207D-ED40-6938967F0851}"
EndProject
Project("{FAE04EC0-301F-11D3-BF4B-00C04F79EFBC}") = "Assembly-CSharp-firstpass", "Assembly-CSharp-firstpass.csproj", "{B49F2CBC-CDF8-4FBA-837B-A9B80ADC06FA}"
EndProject
Project("{FAE04EC0-301F-11D3-BF4B-00C04F79EFBC}") = "PhotonChat", "PhotonChat.csproj", "{DC289D85-075A-725C-3139-179F57E573B3}"
EndProject
Project("{FAE04EC0-301F-11D3-BF4B-00C04F79EFBC}") = "PhotonUnityNetworking", "PhotonUnityNetworking.csproj", "{895D5594-79D6-6EF3-4A9B-7982C3968CB6}"
EndProject
Project("{FAE04EC0-301F-11D3-BF4B-00C04F79EFBC}") = "PhotonRealtime", "PhotonRealtime.csproj", "{C8BFAF8B-1EE8-E7F0-BC68-773C0D0E0188}"
EndProject
Project("{FAE04EC0-301F-11D3-BF4B-00C04F79EFBC}") = "Assembly-CSharp-Editor-firstpass", "Assembly-CSharp-Editor-firstpass.csproj", "{60E183CD-B4CE-08C1-FE97-B6EDC2F9681D}"
EndProject
Project("{FAE04EC0-301F-11D3-BF4B-00C04F79EFBC}") = "PhotonUnityNetworking.Editor", "PhotonUnityNetworking.Editor.csproj", "{26398A76-2D32-60E3-6436-15094E2A93B1}"
EndProject
Project("{FAE04EC0-301F-11D3-BF4B-00C04F79EFBC}") = "PunDemos.DemoHubEditor", "PunDemos.DemoHubEditor.csproj", "{94A58257-AB8C-64E8-2CD1-5760CA304734}"
EndProject
Project("{FAE04EC0-301F-11D3-BF4B-00C04F79EFBC}") = "PhotonUnityNetworking.Utilities.PhotonPlayer.Editor", "PhotonUnityNetworking.Utilities.PhotonPlayer.Editor.csproj", "{515BF2F4-1745-6ECF-B0C7-C7B434F9C147}"
EndProject
Project("{FAE04EC0-301F-11D3-BF4B-00C04F79EFBC}") = "PhotonUnityNetworking.Utilities.Culling.Editor", "PhotonUnityNetworking.Utilities.Culling.Editor.csproj", "{A9B57EDC-CF0D-1223-BB31-154650C0E094}"
EndProject
Project("{FAE04EC0-301F-11D3-BF4B-00C04F79EFBC}") = "PunDemos.DemoSlotcarEditor", "PunDemos.DemoSlotcarEditor.csproj", "{04257F44-3ED4-4E50-54EB-BE59C790E8C0}"
EndProject
Global
	GlobalSection(SolutionConfigurationPlatforms) = preSolution
		Debug|Any CPU = Debug|Any CPU
		Release|Any CPU = Release|Any CPU
	EndGlobalSection
	GlobalSection(ProjectConfigurationPlatforms) = postSolution
		{162C63FD-B2A6-A9C7-0E0F-9D66393A7ED9}.Debug|Any CPU.ActiveCfg = Debug|Any CPU
		{162C63FD-B2A6-A9C7-0E0F-9D66393A7ED9}.Debug|Any CPU.Build.0 = Debug|Any CPU
		{162C63FD-B2A6-A9C7-0E0F-9D66393A7ED9}.Release|Any CPU.ActiveCfg = Release|Any CPU
		{162C63FD-B2A6-A9C7-0E0F-9D66393A7ED9}.Release|Any CPU.Build.0 = Release|Any CPU
		{C4362C97-F6DA-00F8-4E8B-B216BBA7A555}.Debug|Any CPU.ActiveCfg = Debug|Any CPU
		{C4362C97-F6DA-00F8-4E8B-B216BBA7A555}.Debug|Any CPU.Build.0 = Debug|Any CPU
		{C4362C97-F6DA-00F8-4E8B-B216BBA7A555}.Release|Any CPU.ActiveCfg = Release|Any CPU
		{C4362C97-F6DA-00F8-4E8B-B216BBA7A555}.Release|Any CPU.Build.0 = Release|Any CPU
		{0E298398-52AA-207D-ED40-6938967F0851}.Debug|Any CPU.ActiveCfg = Debug|Any CPU
		{0E298398-52AA-207D-ED40-6938967F0851}.Debug|Any CPU.Build.0 = Debug|Any CPU
		{0E298398-52AA-207D-ED40-6938967F0851}.Release|Any CPU.ActiveCfg = Release|Any CPU
		{0E298398-52AA-207D-ED40-6938967F0851}.Release|Any CPU.Build.0 = Release|Any CPU
		{B49F2CBC-CDF8-4FBA-837B-A9B80ADC06FA}.Debug|Any CPU.ActiveCfg = Debug|Any CPU
		{B49F2CBC-CDF8-4FBA-837B-A9B80ADC06FA}.Debug|Any CPU.Build.0 = Debug|Any CPU
		{B49F2CBC-CDF8-4FBA-837B-A9B80ADC06FA}.Release|Any CPU.ActiveCfg = Release|Any CPU
		{B49F2CBC-CDF8-4FBA-837B-A9B80ADC06FA}.Release|Any CPU.Build.0 = Release|Any CPU
		{DC289D85-075A-725C-3139-179F57E573B3}.Debug|Any CPU.ActiveCfg = Debug|Any CPU
		{DC289D85-075A-725C-3139-179F57E573B3}.Debug|Any CPU.Build.0 = Debug|Any CPU
		{DC289D85-075A-725C-3139-179F57E573B3}.Release|Any CPU.ActiveCfg = Release|Any CPU
		{DC289D85-075A-725C-3139-179F57E573B3}.Release|Any CPU.Build.0 = Release|Any CPU
		{895D5594-79D6-6EF3-4A9B-7982C3968CB6}.Debug|Any CPU.ActiveCfg = Debug|Any CPU
		{895D5594-79D6-6EF3-4A9B-7982C3968CB6}.Debug|Any CPU.Build.0 = Debug|Any CPU
		{895D5594-79D6-6EF3-4A9B-7982C3968CB6}.Release|Any CPU.ActiveCfg = Release|Any CPU
		{895D5594-79D6-6EF3-4A9B-7982C3968CB6}.Release|Any CPU.Build.0 = Release|Any CPU
		{C8BFAF8B-1EE8-E7F0-BC68-773C0D0E0188}.Debug|Any CPU.ActiveCfg = Debug|Any CPU
		{C8BFAF8B-1EE8-E7F0-BC68-773C0D0E0188}.Debug|Any CPU.Build.0 = Debug|Any CPU
		{C8BFAF8B-1EE8-E7F0-BC68-773C0D0E0188}.Release|Any CPU.ActiveCfg = Release|Any CPU
		{C8BFAF8B-1EE8-E7F0-BC68-773C0D0E0188}.Release|Any CPU.Build.0 = Release|Any CPU
		{60E183CD-B4CE-08C1-FE97-B6EDC2F9681D}.Debug|Any CPU.ActiveCfg = Debug|Any CPU
		{60E183CD-B4CE-08C1-FE97-B6EDC2F9681D}.Debug|Any CPU.Build.0 = Debug|Any CPU
		{60E183CD-B4CE-08C1-FE97-B6EDC2F9681D}.Release|Any CPU.ActiveCfg = Release|Any CPU
		{60E183CD-B4CE-08C1-FE97-B6EDC2F9681D}.Release|Any CPU.Build.0 = Release|Any CPU
		{26398A76-2D32-60E3-6436-15094E2A93B1}.Debug|Any CPU.ActiveCfg = Debug|Any CPU
		{26398A76-2D32-60E3-6436-15094E2A93B1}.Debug|Any CPU.Build.0 = Debug|Any CPU
		{26398A76-2D32-60E3-6436-15094E2A93B1}.Release|Any CPU.ActiveCfg = Release|Any CPU
		{26398A76-2D32-60E3-6436-15094E2A93B1}.Release|Any CPU.Build.0 = Release|Any CPU
		{94A58257-AB8C-64E8-2CD1-5760CA304734}.Debug|Any CPU.ActiveCfg = Debug|Any CPU
		{94A58257-AB8C-64E8-2CD1-5760CA304734}.Debug|Any CPU.Build.0 = Debug|Any CPU
		{94A58257-AB8C-64E8-2CD1-5760CA304734}.Release|Any CPU.ActiveCfg = Release|Any CPU
		{94A58257-AB8C-64E8-2CD1-5760CA304734}.Release|Any CPU.Build.0 = Release|Any CPU
		{515BF2F4-1745-6ECF-B0C7-C7B434F9C147}.Debug|Any CPU.ActiveCfg = Debug|Any CPU
		{515BF2F4-1745-6ECF-B0C7-C7B434F9C147}.Debug|Any CPU.Build.0 = Debug|Any CPU
		{515BF2F4-1745-6ECF-B0C7-C7B434F9C147}.Release|Any CPU.ActiveCfg = Release|Any CPU
		{515BF2F4-1745-6ECF-B0C7-C7B434F9C147}.Release|Any CPU.Build.0 = Release|Any CPU
		{A9B57EDC-CF0D-1223-BB31-154650C0E094}.Debug|Any CPU.ActiveCfg = Debug|Any CPU
		{A9B57EDC-CF0D-1223-BB31-154650C0E094}.Debug|Any CPU.Build.0 = Debug|Any CPU
		{A9B57EDC-CF0D-1223-BB31-154650C0E094}.Release|Any CPU.ActiveCfg = Release|Any CPU
		{A9B57EDC-CF0D-1223-BB31-154650C0E094}.Release|Any CPU.Build.0 = Release|Any CPU
		{04257F44-3ED4-4E50-54EB-BE59C790E8C0}.Debug|Any CPU.ActiveCfg = Debug|Any CPU
		{04257F44-3ED4-4E50-54EB-BE59C790E8C0}.Debug|Any CPU.Build.0 = Debug|Any CPU
		{04257F44-3ED4-4E50-54EB-BE59C790E8C0}.Release|Any CPU.ActiveCfg = Release|Any CPU
		{04257F44-3ED4-4E50-54EB-BE59C790E8C0}.Release|Any CPU.Build.0 = Release|Any CPU
	EndGlobalSection
	GlobalSection(SolutionProperties) = preSolution
		HideSolutionNode = FALSE
	EndGlobalSection
EndGlobal
